
Microsoft Visual Studio Solution File, Format Version 12.00
# Visual Studio Version 17
VisualStudioVersion = 17.10.34928.147
MinimumVisualStudioVersion = 10.0.40219.1
Project("{FAE04EC0-301F-11D3-BF4B-00C04F79EFBC}") = "1_MainSubject", "1_MainSubject\1_MainSubject.csproj", "{D4EF9FAC-3AFD-42F1-95CB-5A13B0E459EE}"
EndProject
Project("{FAE04EC0-301F-11D3-BF4B-00C04F79EFBC}") = "2_Variables", "2_Variables\2_Variables.csproj", "{7DCB2B3F-E990-4510-BC9B-3B91A81D6E7D}"
EndProject
Project("{FAE04EC0-301F-11D3-BF4B-00C04F79EFBC}") = "3_MakingDecision", "3_MakingDecision\3_MakingDecision.csproj", "{533542BD-B505-4BD4-8DE3-4D954333864E}"
EndProject
Project("{FAE04EC0-301F-11D3-BF4B-00C04F79EFBC}") = "4_Loops", "4_Loops\4_Loops.csproj", "{E47294F8-55D2-4FCD-950E-22B8F7F17375}"
EndProject
Global
	GlobalSection(SolutionConfigurationPlatforms) = preSolution
		Debug|Any CPU = Debug|Any CPU
		Release|Any CPU = Release|Any CPU
	EndGlobalSection
	GlobalSection(ProjectConfigurationPlatforms) = postSolution
		{D4EF9FAC-3AFD-42F1-95CB-5A13B0E459EE}.Debug|Any CPU.ActiveCfg = Debug|Any CPU
		{D4EF9FAC-3AFD-42F1-95CB-5A13B0E459EE}.Debug|Any CPU.Build.0 = Debug|Any CPU
		{D4EF9FAC-3AFD-42F1-95CB-5A13B0E459EE}.Release|Any CPU.ActiveCfg = Release|Any CPU
		{D4EF9FAC-3AFD-42F1-95CB-5A13B0E459EE}.Release|Any CPU.Build.0 = Release|Any CPU
		{7DCB2B3F-E990-4510-BC9B-3B91A81D6E7D}.Debug|Any CPU.ActiveCfg = Debug|Any CPU
		{7DCB2B3F-E990-4510-BC9B-3B91A81D6E7D}.Debug|Any CPU.Build.0 = Debug|Any CPU
		{7DCB2B3F-E990-4510-BC9B-3B91A81D6E7D}.Release|Any CPU.ActiveCfg = Release|Any CPU
		{7DCB2B3F-E990-4510-BC9B-3B91A81D6E7D}.Release|Any CPU.Build.0 = Release|Any CPU
		{533542BD-B505-4BD4-8DE3-4D954333864E}.Debug|Any CPU.ActiveCfg = Debug|Any CPU
		{533542BD-B505-4BD4-8DE3-4D954333864E}.Debug|Any CPU.Build.0 = Debug|Any CPU
		{533542BD-B505-4BD4-8DE3-4D954333864E}.Release|Any CPU.ActiveCfg = Release|Any CPU
		{533542BD-B505-4BD4-8DE3-4D954333864E}.Release|Any CPU.Build.0 = Release|Any CPU
		{E47294F8-55D2-4FCD-950E-22B8F7F17375}.Debug|Any CPU.ActiveCfg = Debug|Any CPU
		{E47294F8-55D2-4FCD-950E-22B8F7F17375}.Debug|Any CPU.Build.0 = Debug|Any CPU
		{E47294F8-55D2-4FCD-950E-22B8F7F17375}.Release|Any CPU.ActiveCfg = Release|Any CPU
		{E47294F8-55D2-4FCD-950E-22B8F7F17375}.Release|Any CPU.Build.0 = Release|Any CPU
	EndGlobalSection
	GlobalSection(SolutionProperties) = preSolution
		HideSolutionNode = FALSE
	EndGlobalSection
	GlobalSection(ExtensibilityGlobals) = postSolution
		SolutionGuid = {FA2CAD6E-B998-411F-B3AD-CFECFE072429}
	EndGlobalSection
EndGlobal
