
Microsoft Visual Studio Solution File, Format Version 12.00
# Visual Studio Version 17
VisualStudioVersion = 17.10.34928.147
MinimumVisualStudioVersion = 10.0.40219.1
Project("{FAE04EC0-301F-11D3-BF4B-00C04F79EFBC}") = "1_MainSubject", "1_MainSubject\1_MainSubject.csproj", "{D4EF9FAC-3AFD-42F1-95CB-5A13B0E459EE}"
EndProject
Project("{FAE04EC0-301F-11D3-BF4B-00C04F79EFBC}") = "2_Variables", "2_Variables\2_Variables.csproj", "{7DCB2B3F-E990-4510-BC9B-3B91A81D6E7D}"
EndProject
Project("{FAE04EC0-301F-11D3-BF4B-00C04F79EFBC}") = "3_MakingDecision", "3_MakingDecision\3_MakingDecision.csproj", "{533542BD-B505-4BD4-8DE3-4D954333864E}"
EndProject
Project("{FAE04EC0-301F-11D3-BF4B-00C04F79EFBC}") = "4_Loops", "4_Loops\4_Loops.csproj", "{E47294F8-55D2-4FCD-950E-22B8F7F17375}"
EndProject
Project("{FAE04EC0-301F-11D3-BF4B-00C04F79EFBC}") = "5_LoopWithStars", "5_LoopWithStars\5_LoopWithStars.csproj", "{6A4B02D4-5E38-4444-9729-97BDCAC1F9EF}"
EndProject
Project("{FAE04EC0-301F-11D3-BF4B-00C04F79EFBC}") = "6_Arrays", "6_Arrays\6_Arrays.csproj", "{1D673829-C51E-4D01-8727-761D218B2B38}"
EndProject
Project("{FAE04EC0-301F-11D3-BF4B-00C04F79EFBC}") = "7_ForeachLoop", "7_ForeachLoop\7_ForeachLoop.csproj", "{E9695E70-9F27-441A-B73A-4B6FF786299D}"
EndProject
Project("{FAE04EC0-301F-11D3-BF4B-00C04F79EFBC}") = "8_Methods", "8_Methods\8_Methods.csproj", "{10D7F214-35EF-49A0-A0E5-A40F88422813}"
EndProject
Project("{FAE04EC0-301F-11D3-BF4B-00C04F79EFBC}") = "9_DatabaseProject", "9_DatabaseProject\9_DatabaseProject.csproj", "{B9BA8FEF-158D-46D8-8BE7-C492233A657F}"
EndProject
Global
	GlobalSection(SolutionConfigurationPlatforms) = preSolution
		Debug|Any CPU = Debug|Any CPU
		Release|Any CPU = Release|Any CPU
	EndGlobalSection
	GlobalSection(ProjectConfigurationPlatforms) = postSolution
		{D4EF9FAC-3AFD-42F1-95CB-5A13B0E459EE}.Debug|Any CPU.ActiveCfg = Debug|Any CPU
		{D4EF9FAC-3AFD-42F1-95CB-5A13B0E459EE}.Debug|Any CPU.Build.0 = Debug|Any CPU
		{D4EF9FAC-3AFD-42F1-95CB-5A13B0E459EE}.Release|Any CPU.ActiveCfg = Release|Any CPU
		{D4EF9FAC-3AFD-42F1-95CB-5A13B0E459EE}.Release|Any CPU.Build.0 = Release|Any CPU
		{7DCB2B3F-E990-4510-BC9B-3B91A81D6E7D}.Debug|Any CPU.ActiveCfg = Debug|Any CPU
		{7DCB2B3F-E990-4510-BC9B-3B91A81D6E7D}.Debug|Any CPU.Build.0 = Debug|Any CPU
		{7DCB2B3F-E990-4510-BC9B-3B91A81D6E7D}.Release|Any CPU.ActiveCfg = Release|Any CPU
		{7DCB2B3F-E990-4510-BC9B-3B91A81D6E7D}.Release|Any CPU.Build.0 = Release|Any CPU
		{533542BD-B505-4BD4-8DE3-4D954333864E}.Debug|Any CPU.ActiveCfg = Debug|Any CPU
		{533542BD-B505-4BD4-8DE3-4D954333864E}.Debug|Any CPU.Build.0 = Debug|Any CPU
		{533542BD-B505-4BD4-8DE3-4D954333864E}.Release|Any CPU.ActiveCfg = Release|Any CPU
		{533542BD-B505-4BD4-8DE3-4D954333864E}.Release|Any CPU.Build.0 = Release|Any CPU
		{E47294F8-55D2-4FCD-950E-22B8F7F17375}.Debug|Any CPU.ActiveCfg = Debug|Any CPU
		{E47294F8-55D2-4FCD-950E-22B8F7F17375}.Debug|Any CPU.Build.0 = Debug|Any CPU
		{E47294F8-55D2-4FCD-950E-22B8F7F17375}.Release|Any CPU.ActiveCfg = Release|Any CPU
		{E47294F8-55D2-4FCD-950E-22B8F7F17375}.Release|Any CPU.Build.0 = Release|Any CPU
		{6A4B02D4-5E38-4444-9729-97BDCAC1F9EF}.Debug|Any CPU.ActiveCfg = Debug|Any CPU
		{6A4B02D4-5E38-4444-9729-97BDCAC1F9EF}.Debug|Any CPU.Build.0 = Debug|Any CPU
		{6A4B02D4-5E38-4444-9729-97BDCAC1F9EF}.Release|Any CPU.ActiveCfg = Release|Any CPU
		{6A4B02D4-5E38-4444-9729-97BDCAC1F9EF}.Release|Any CPU.Build.0 = Release|Any CPU
		{1D673829-C51E-4D01-8727-761D218B2B38}.Debug|Any CPU.ActiveCfg = Debug|Any CPU
		{1D673829-C51E-4D01-8727-761D218B2B38}.Debug|Any CPU.Build.0 = Debug|Any CPU
		{1D673829-C51E-4D01-8727-761D218B2B38}.Release|Any CPU.ActiveCfg = Release|Any CPU
		{1D673829-C51E-4D01-8727-761D218B2B38}.Release|Any CPU.Build.0 = Release|Any CPU
		{E9695E70-9F27-441A-B73A-4B6FF786299D}.Debug|Any CPU.ActiveCfg = Debug|Any CPU
		{E9695E70-9F27-441A-B73A-4B6FF786299D}.Debug|Any CPU.Build.0 = Debug|Any CPU
		{E9695E70-9F27-441A-B73A-4B6FF786299D}.Release|Any CPU.ActiveCfg = Release|Any CPU
		{E9695E70-9F27-441A-B73A-4B6FF786299D}.Release|Any CPU.Build.0 = Release|Any CPU
		{10D7F214-35EF-49A0-A0E5-A40F88422813}.Debug|Any CPU.ActiveCfg = Debug|Any CPU
		{10D7F214-35EF-49A0-A0E5-A40F88422813}.Debug|Any CPU.Build.0 = Debug|Any CPU
		{10D7F214-35EF-49A0-A0E5-A40F88422813}.Release|Any CPU.ActiveCfg = Release|Any CPU
		{10D7F214-35EF-49A0-A0E5-A40F88422813}.Release|Any CPU.Build.0 = Release|Any CPU
		{B9BA8FEF-158D-46D8-8BE7-C492233A657F}.Debug|Any CPU.ActiveCfg = Debug|Any CPU
		{B9BA8FEF-158D-46D8-8BE7-C492233A657F}.Debug|Any CPU.Build.0 = Debug|Any CPU
		{B9BA8FEF-158D-46D8-8BE7-C492233A657F}.Release|Any CPU.ActiveCfg = Release|Any CPU
		{B9BA8FEF-158D-46D8-8BE7-C492233A657F}.Release|Any CPU.Build.0 = Release|Any CPU
	EndGlobalSection
	GlobalSection(SolutionProperties) = preSolution
		HideSolutionNode = FALSE
	EndGlobalSection
	GlobalSection(ExtensibilityGlobals) = postSolution
		SolutionGuid = {FA2CAD6E-B998-411F-B3AD-CFECFE072429}
	EndGlobalSection
EndGlobal
