
Microsoft Visual Studio Solution File, Format Version 12.00
# Visual Studio Version 17
VisualStudioVersion = 17.10.34928.147
MinimumVisualStudioVersion = 10.0.40219.1
Project("{FAE04EC0-301F-11D3-BF4B-00C04F79EFBC}") = "1_MainSubject", "1_MainSubject\1_MainSubject.csproj", "{D4EF9FAC-3AFD-42F1-95CB-5A13B0E459EE}"
EndProject
Global
	GlobalSection(SolutionConfigurationPlatforms) = preSolution
		Debug|Any CPU = Debug|Any CPU
		Release|Any CPU = Release|Any CPU
	EndGlobalSection
	GlobalSection(ProjectConfigurationPlatforms) = postSolution
		{D4EF9FAC-3AFD-42F1-95CB-5A13B0E459EE}.Debug|Any CPU.ActiveCfg = Debug|Any CPU
		{D4EF9FAC-3AFD-42F1-95CB-5A13B0E459EE}.Debug|Any CPU.Build.0 = Debug|Any CPU
		{D4EF9FAC-3AFD-42F1-95CB-5A13B0E459EE}.Release|Any CPU.ActiveCfg = Release|Any CPU
		{D4EF9FAC-3AFD-42F1-95CB-5A13B0E459EE}.Release|Any CPU.Build.0 = Release|Any CPU
	EndGlobalSection
	GlobalSection(SolutionProperties) = preSolution
		HideSolutionNode = FALSE
	EndGlobalSection
	GlobalSection(ExtensibilityGlobals) = postSolution
		SolutionGuid = {FA2CAD6E-B998-411F-B3AD-CFECFE072429}
	EndGlobalSection
EndGlobal
